
Microsoft Visual Studio Solution File, Format Version 12.00
# Visual Studio Version 17
VisualStudioVersion = 17.0.31903.59
MinimumVisualStudioVersion = 10.0.40219.1
Project("{9A19103F-16F7-4668-BE54-9A1E7A4F7556}") = "Tada.Website", "Tada.Website\Tada.Website.csproj", "{1C3AEB47-10A1-408E-AFE1-741FB40C2953}"
EndProject
Project("{9A19103F-16F7-4668-BE54-9A1E7A4F7556}") = "Tada", "Tada\Tada.csproj", "{6FE26B0E-E195-4C88-A729-55BC05EF0EC8}"
EndProject
Project("{2150E333-8FDC-42A3-9474-1A3956D46DE8}") = "Build", "Build", "{086F8712-E68D-48B3-84F2-B1C949137FE0}"
	ProjectSection(SolutionItems) = preProject
		README.md = README.md
	EndProjectSection
EndProject
Global
	GlobalSection(SolutionConfigurationPlatforms) = preSolution
		Debug|Any CPU = Debug|Any CPU
		Release|Any CPU = Release|Any CPU
	EndGlobalSection
	GlobalSection(ProjectConfigurationPlatforms) = postSolution
		{1C3AEB47-10A1-408E-AFE1-741FB40C2953}.Debug|Any CPU.ActiveCfg = Debug|Any CPU
		{1C3AEB47-10A1-408E-AFE1-741FB40C2953}.Debug|Any CPU.Build.0 = Debug|Any CPU
		{1C3AEB47-10A1-408E-AFE1-741FB40C2953}.Release|Any CPU.ActiveCfg = Release|Any CPU
		{1C3AEB47-10A1-408E-AFE1-741FB40C2953}.Release|Any CPU.Build.0 = Release|Any CPU
		{6FE26B0E-E195-4C88-A729-55BC05EF0EC8}.Debug|Any CPU.ActiveCfg = Debug|Any CPU
		{6FE26B0E-E195-4C88-A729-55BC05EF0EC8}.Debug|Any CPU.Build.0 = Debug|Any CPU
		{6FE26B0E-E195-4C88-A729-55BC05EF0EC8}.Release|Any CPU.ActiveCfg = Release|Any CPU
		{6FE26B0E-E195-4C88-A729-55BC05EF0EC8}.Release|Any CPU.Build.0 = Release|Any CPU
	EndGlobalSection
	GlobalSection(SolutionProperties) = preSolution
		HideSolutionNode = FALSE
	EndGlobalSection
EndGlobal
